// !$*UTF8*$!
{
	archiveVersion = 1;
	classes = {
	};
	objectVersion = 48;
	objects = {

/* Begin PBXBuildFile section */
		C77D248360AC3A23B1007362 /* Pods_Ruangguru.framework in Frameworks */ = {isa = PBXBuildFile; fileRef = 3196A4527E158C870904E0BE /* Pods_Ruangguru.framework */; };
		F423725220357D9C00A3F5AC /* AppDelegate.swift in Sources */ = {isa = PBXBuildFile; fileRef = F423725120357D9C00A3F5AC /* AppDelegate.swift */; };
		F423725720357D9C00A3F5AC /* Main.storyboard in Resources */ = {isa = PBXBuildFile; fileRef = F423725520357D9C00A3F5AC /* Main.storyboard */; };
		F423725920357D9C00A3F5AC /* Assets.xcassets in Resources */ = {isa = PBXBuildFile; fileRef = F423725820357D9C00A3F5AC /* Assets.xcassets */; };
		F423725C20357D9C00A3F5AC /* LaunchScreen.storyboard in Resources */ = {isa = PBXBuildFile; fileRef = F423725A20357D9C00A3F5AC /* LaunchScreen.storyboard */; };
		F458C7DD2036769800AA052D /* AppRoute.swift in Sources */ = {isa = PBXBuildFile; fileRef = F458C7DC2036769800AA052D /* AppRoute.swift */; };
		F458C7E7203676C200AA052D /* CategoryPresenter.swift in Sources */ = {isa = PBXBuildFile; fileRef = F458C7DF203676C200AA052D /* CategoryPresenter.swift */; };
		F458C7E8203676C200AA052D /* CategoryViewController.swift in Sources */ = {isa = PBXBuildFile; fileRef = F458C7E0203676C200AA052D /* CategoryViewController.swift */; };
		F458C7E9203676C200AA052D /* CategoryAssembly.swift in Sources */ = {isa = PBXBuildFile; fileRef = F458C7E1203676C200AA052D /* CategoryAssembly.swift */; };
		F458C7EA203676C200AA052D /* CategoryInteractor.swift in Sources */ = {isa = PBXBuildFile; fileRef = F458C7E2203676C200AA052D /* CategoryInteractor.swift */; };
		F458C7EB203676C200AA052D /* CategoryModel.swift in Sources */ = {isa = PBXBuildFile; fileRef = F458C7E3203676C200AA052D /* CategoryModel.swift */; };
		F458C7EC203676C200AA052D /* CategoryViewController.xib in Resources */ = {isa = PBXBuildFile; fileRef = F458C7E4203676C200AA052D /* CategoryViewController.xib */; };
		F458C7ED203676C200AA052D /* CategoryManager.swift in Sources */ = {isa = PBXBuildFile; fileRef = F458C7E5203676C200AA052D /* CategoryManager.swift */; };
		F458C7EE203676C200AA052D /* CategoryWireframe.swift in Sources */ = {isa = PBXBuildFile; fileRef = F458C7E6203676C200AA052D /* CategoryWireframe.swift */; };
		F458C7F320367AA800AA052D /* Extension+UIColor.swift in Sources */ = {isa = PBXBuildFile; fileRef = F458C7F220367AA800AA052D /* Extension+UIColor.swift */; };
		F458C7F720367BB800AA052D /* CategoryCollectionViewCell.swift in Sources */ = {isa = PBXBuildFile; fileRef = F458C7F520367BB800AA052D /* CategoryCollectionViewCell.swift */; };
		F458C7F820367BB800AA052D /* CategoryCollectionViewCell.xib in Resources */ = {isa = PBXBuildFile; fileRef = F458C7F620367BB800AA052D /* CategoryCollectionViewCell.xib */; };
		F458C7FA2036995600AA052D /* Extension+UIImage.swift in Sources */ = {isa = PBXBuildFile; fileRef = F458C7F92036995600AA052D /* Extension+UIImage.swift */; };
		F458C7FC2036A14300AA052D /* BaseClient.swift in Sources */ = {isa = PBXBuildFile; fileRef = F458C7FB2036A14300AA052D /* BaseClient.swift */; };
		F458C7FE2036A27200AA052D /* Clients.swift in Sources */ = {isa = PBXBuildFile; fileRef = F458C7FD2036A27200AA052D /* Clients.swift */; };
		F458C8032036A4EE00AA052D /* CategoryEntityRoot.swift in Sources */ = {isa = PBXBuildFile; fileRef = F458C8012036A4EE00AA052D /* CategoryEntityRoot.swift */; };
		F458C8042036A4EE00AA052D /* CategoryEntity.swift in Sources */ = {isa = PBXBuildFile; fileRef = F458C8022036A4EE00AA052D /* CategoryEntity.swift */; };
		F458C8072036A59000AA052D /* BaseEntity.swift in Sources */ = {isa = PBXBuildFile; fileRef = F458C8062036A59000AA052D /* BaseEntity.swift */; };
		F458C8092036A87500AA052D /* RealmService.swift in Sources */ = {isa = PBXBuildFile; fileRef = F458C8082036A87500AA052D /* RealmService.swift */; };
		F458C8132036C27600AA052D /* QuestionPresenter.swift in Sources */ = {isa = PBXBuildFile; fileRef = F458C80B2036C27600AA052D /* QuestionPresenter.swift */; };
		F458C8142036C27600AA052D /* QuestionViewController.swift in Sources */ = {isa = PBXBuildFile; fileRef = F458C80C2036C27600AA052D /* QuestionViewController.swift */; };
		F458C8152036C27600AA052D /* QuestionAssembly.swift in Sources */ = {isa = PBXBuildFile; fileRef = F458C80D2036C27600AA052D /* QuestionAssembly.swift */; };
		F458C8162036C27600AA052D /* QuestionInteractor.swift in Sources */ = {isa = PBXBuildFile; fileRef = F458C80E2036C27600AA052D /* QuestionInteractor.swift */; };
		F458C8172036C27600AA052D /* QuestionModel.swift in Sources */ = {isa = PBXBuildFile; fileRef = F458C80F2036C27600AA052D /* QuestionModel.swift */; };
		F458C8182036C27700AA052D /* QuestionViewController.xib in Resources */ = {isa = PBXBuildFile; fileRef = F458C8102036C27600AA052D /* QuestionViewController.xib */; };
		F458C8192036C27700AA052D /* QuestionManager.swift in Sources */ = {isa = PBXBuildFile; fileRef = F458C8112036C27600AA052D /* QuestionManager.swift */; };
		F458C81A2036C27700AA052D /* QuestionWireframe.swift in Sources */ = {isa = PBXBuildFile; fileRef = F458C8122036C27600AA052D /* QuestionWireframe.swift */; };
		F458C8212036C65D00AA052D /* QuestionCollectionViewCell.swift in Sources */ = {isa = PBXBuildFile; fileRef = F458C81F2036C65D00AA052D /* QuestionCollectionViewCell.swift */; };
		F458C8222036C65D00AA052D /* QuestionCollectionViewCell.xib in Resources */ = {isa = PBXBuildFile; fileRef = F458C8202036C65D00AA052D /* QuestionCollectionViewCell.xib */; };
		F458C8252036DA7B00AA052D /* QuestionEntity.swift in Sources */ = {isa = PBXBuildFile; fileRef = F458C8232036DA7B00AA052D /* QuestionEntity.swift */; };
		F458C8262036DA7B00AA052D /* QuestionEntityRoot.swift in Sources */ = {isa = PBXBuildFile; fileRef = F458C8242036DA7B00AA052D /* QuestionEntityRoot.swift */; };
		F458C8282036EEF600AA052D /* Extension+Global.swift in Sources */ = {isa = PBXBuildFile; fileRef = F458C8272036EEF600AA052D /* Extension+Global.swift */; };
/* End PBXBuildFile section */

/* Begin PBXFileReference section */
		3196A4527E158C870904E0BE /* Pods_Ruangguru.framework */ = {isa = PBXFileReference; explicitFileType = wrapper.framework; includeInIndex = 0; path = Pods_Ruangguru.framework; sourceTree = BUILT_PRODUCTS_DIR; };
		6359F03936D386953F82C2B1 /* Pods-Ruangguru.debug.xcconfig */ = {isa = PBXFileReference; includeInIndex = 1; lastKnownFileType = text.xcconfig; name = "Pods-Ruangguru.debug.xcconfig"; path = "Pods/Target Support Files/Pods-Ruangguru/Pods-Ruangguru.debug.xcconfig"; sourceTree = "<group>"; };
		6CE8E97949987178BEDCC62E /* Pods-Ruangguru.release.xcconfig */ = {isa = PBXFileReference; includeInIndex = 1; lastKnownFileType = text.xcconfig; name = "Pods-Ruangguru.release.xcconfig"; path = "Pods/Target Support Files/Pods-Ruangguru/Pods-Ruangguru.release.xcconfig"; sourceTree = "<group>"; };
		F423724E20357D9C00A3F5AC /* Ruangguru.app */ = {isa = PBXFileReference; explicitFileType = wrapper.application; includeInIndex = 0; path = Ruangguru.app; sourceTree = BUILT_PRODUCTS_DIR; };
		F423725120357D9C00A3F5AC /* AppDelegate.swift */ = {isa = PBXFileReference; lastKnownFileType = sourcecode.swift; path = AppDelegate.swift; sourceTree = "<group>"; };
		F423725620357D9C00A3F5AC /* Base */ = {isa = PBXFileReference; lastKnownFileType = file.storyboard; name = Base; path = Base.lproj/Main.storyboard; sourceTree = "<group>"; };
		F423725820357D9C00A3F5AC /* Assets.xcassets */ = {isa = PBXFileReference; lastKnownFileType = folder.assetcatalog; path = Assets.xcassets; sourceTree = "<group>"; };
		F423725B20357D9C00A3F5AC /* Base */ = {isa = PBXFileReference; lastKnownFileType = file.storyboard; name = Base; path = Base.lproj/LaunchScreen.storyboard; sourceTree = "<group>"; };
		F423725D20357D9C00A3F5AC /* Info.plist */ = {isa = PBXFileReference; lastKnownFileType = text.plist.xml; path = Info.plist; sourceTree = "<group>"; };
		F423726320357DBE00A3F5AC /* Ruangguru.playground */ = {isa = PBXFileReference; lastKnownFileType = file.playground; path = Ruangguru.playground; sourceTree = "<group>"; xcLanguageSpecificationIdentifier = xcode.lang.swift; };
		F458C7DC2036769800AA052D /* AppRoute.swift */ = {isa = PBXFileReference; lastKnownFileType = sourcecode.swift; path = AppRoute.swift; sourceTree = "<group>"; };
		F458C7DF203676C200AA052D /* CategoryPresenter.swift */ = {isa = PBXFileReference; lastKnownFileType = sourcecode.swift; path = CategoryPresenter.swift; sourceTree = "<group>"; };
		F458C7E0203676C200AA052D /* CategoryViewController.swift */ = {isa = PBXFileReference; lastKnownFileType = sourcecode.swift; path = CategoryViewController.swift; sourceTree = "<group>"; };
		F458C7E1203676C200AA052D /* CategoryAssembly.swift */ = {isa = PBXFileReference; lastKnownFileType = sourcecode.swift; path = CategoryAssembly.swift; sourceTree = "<group>"; };
		F458C7E2203676C200AA052D /* CategoryInteractor.swift */ = {isa = PBXFileReference; lastKnownFileType = sourcecode.swift; path = CategoryInteractor.swift; sourceTree = "<group>"; };
		F458C7E3203676C200AA052D /* CategoryModel.swift */ = {isa = PBXFileReference; lastKnownFileType = sourcecode.swift; path = CategoryModel.swift; sourceTree = "<group>"; };
		F458C7E4203676C200AA052D /* CategoryViewController.xib */ = {isa = PBXFileReference; lastKnownFileType = file.xib; path = CategoryViewController.xib; sourceTree = "<group>"; };
		F458C7E5203676C200AA052D /* CategoryManager.swift */ = {isa = PBXFileReference; lastKnownFileType = sourcecode.swift; path = CategoryManager.swift; sourceTree = "<group>"; };
		F458C7E6203676C200AA052D /* CategoryWireframe.swift */ = {isa = PBXFileReference; lastKnownFileType = sourcecode.swift; path = CategoryWireframe.swift; sourceTree = "<group>"; };
		F458C7F220367AA800AA052D /* Extension+UIColor.swift */ = {isa = PBXFileReference; lastKnownFileType = sourcecode.swift; path = "Extension+UIColor.swift"; sourceTree = "<group>"; };
		F458C7F520367BB800AA052D /* CategoryCollectionViewCell.swift */ = {isa = PBXFileReference; lastKnownFileType = sourcecode.swift; path = CategoryCollectionViewCell.swift; sourceTree = "<group>"; };
		F458C7F620367BB800AA052D /* CategoryCollectionViewCell.xib */ = {isa = PBXFileReference; lastKnownFileType = file.xib; path = CategoryCollectionViewCell.xib; sourceTree = "<group>"; };
		F458C7F92036995600AA052D /* Extension+UIImage.swift */ = {isa = PBXFileReference; lastKnownFileType = sourcecode.swift; path = "Extension+UIImage.swift"; sourceTree = "<group>"; };
		F458C7FB2036A14300AA052D /* BaseClient.swift */ = {isa = PBXFileReference; lastKnownFileType = sourcecode.swift; path = BaseClient.swift; sourceTree = "<group>"; };
		F458C7FD2036A27200AA052D /* Clients.swift */ = {isa = PBXFileReference; lastKnownFileType = sourcecode.swift; path = Clients.swift; sourceTree = "<group>"; };
		F458C8012036A4EE00AA052D /* CategoryEntityRoot.swift */ = {isa = PBXFileReference; fileEncoding = 4; lastKnownFileType = sourcecode.swift; path = CategoryEntityRoot.swift; sourceTree = "<group>"; };
		F458C8022036A4EE00AA052D /* CategoryEntity.swift */ = {isa = PBXFileReference; fileEncoding = 4; lastKnownFileType = sourcecode.swift; path = CategoryEntity.swift; sourceTree = "<group>"; };
		F458C8062036A59000AA052D /* BaseEntity.swift */ = {isa = PBXFileReference; lastKnownFileType = sourcecode.swift; path = BaseEntity.swift; sourceTree = "<group>"; };
		F458C8082036A87500AA052D /* RealmService.swift */ = {isa = PBXFileReference; lastKnownFileType = sourcecode.swift; path = RealmService.swift; sourceTree = "<group>"; };
		F458C80B2036C27600AA052D /* QuestionPresenter.swift */ = {isa = PBXFileReference; lastKnownFileType = sourcecode.swift; path = QuestionPresenter.swift; sourceTree = "<group>"; };
		F458C80C2036C27600AA052D /* QuestionViewController.swift */ = {isa = PBXFileReference; lastKnownFileType = sourcecode.swift; path = QuestionViewController.swift; sourceTree = "<group>"; };
		F458C80D2036C27600AA052D /* QuestionAssembly.swift */ = {isa = PBXFileReference; lastKnownFileType = sourcecode.swift; path = QuestionAssembly.swift; sourceTree = "<group>"; };
		F458C80E2036C27600AA052D /* QuestionInteractor.swift */ = {isa = PBXFileReference; lastKnownFileType = sourcecode.swift; path = QuestionInteractor.swift; sourceTree = "<group>"; };
		F458C80F2036C27600AA052D /* QuestionModel.swift */ = {isa = PBXFileReference; lastKnownFileType = sourcecode.swift; path = QuestionModel.swift; sourceTree = "<group>"; };
		F458C8102036C27600AA052D /* QuestionViewController.xib */ = {isa = PBXFileReference; lastKnownFileType = file.xib; path = QuestionViewController.xib; sourceTree = "<group>"; };
		F458C8112036C27600AA052D /* QuestionManager.swift */ = {isa = PBXFileReference; lastKnownFileType = sourcecode.swift; path = QuestionManager.swift; sourceTree = "<group>"; };
		F458C8122036C27600AA052D /* QuestionWireframe.swift */ = {isa = PBXFileReference; lastKnownFileType = sourcecode.swift; path = QuestionWireframe.swift; sourceTree = "<group>"; };
		F458C81F2036C65D00AA052D /* QuestionCollectionViewCell.swift */ = {isa = PBXFileReference; lastKnownFileType = sourcecode.swift; path = QuestionCollectionViewCell.swift; sourceTree = "<group>"; };
		F458C8202036C65D00AA052D /* QuestionCollectionViewCell.xib */ = {isa = PBXFileReference; lastKnownFileType = file.xib; path = QuestionCollectionViewCell.xib; sourceTree = "<group>"; };
		F458C8232036DA7B00AA052D /* QuestionEntity.swift */ = {isa = PBXFileReference; fileEncoding = 4; lastKnownFileType = sourcecode.swift; path = QuestionEntity.swift; sourceTree = "<group>"; };
		F458C8242036DA7B00AA052D /* QuestionEntityRoot.swift */ = {isa = PBXFileReference; fileEncoding = 4; lastKnownFileType = sourcecode.swift; path = QuestionEntityRoot.swift; sourceTree = "<group>"; };
		F458C8272036EEF600AA052D /* Extension+Global.swift */ = {isa = PBXFileReference; lastKnownFileType = sourcecode.swift; path = "Extension+Global.swift"; sourceTree = "<group>"; };
/* End PBXFileReference section */

/* Begin PBXFrameworksBuildPhase section */
		F423724B20357D9C00A3F5AC /* Frameworks */ = {
			isa = PBXFrameworksBuildPhase;
			buildActionMask = 2147483647;
			files = (
				C77D248360AC3A23B1007362 /* Pods_Ruangguru.framework in Frameworks */,
			);
			runOnlyForDeploymentPostprocessing = 0;
		};
/* End PBXFrameworksBuildPhase section */

/* Begin PBXGroup section */
		513D726B595C00D259EBCC84 /* Frameworks */ = {
			isa = PBXGroup;
			children = (
				3196A4527E158C870904E0BE /* Pods_Ruangguru.framework */,
			);
			name = Frameworks;
			sourceTree = "<group>";
		};
		B207BAD4181AB73925A6BC07 /* Pods */ = {
			isa = PBXGroup;
			children = (
				6359F03936D386953F82C2B1 /* Pods-Ruangguru.debug.xcconfig */,
				6CE8E97949987178BEDCC62E /* Pods-Ruangguru.release.xcconfig */,
			);
			name = Pods;
			sourceTree = "<group>";
		};
		F423724520357D9C00A3F5AC = {
			isa = PBXGroup;
			children = (
				F423726320357DBE00A3F5AC /* Ruangguru.playground */,
				F423725020357D9C00A3F5AC /* Ruangguru */,
				F423724F20357D9C00A3F5AC /* Products */,
				B207BAD4181AB73925A6BC07 /* Pods */,
				513D726B595C00D259EBCC84 /* Frameworks */,
			);
			sourceTree = "<group>";
		};
		F423724F20357D9C00A3F5AC /* Products */ = {
			isa = PBXGroup;
			children = (
				F423724E20357D9C00A3F5AC /* Ruangguru.app */,
			);
			name = Products;
			sourceTree = "<group>";
		};
		F423725020357D9C00A3F5AC /* Ruangguru */ = {
			isa = PBXGroup;
			children = (
				F423725120357D9C00A3F5AC /* AppDelegate.swift */,
				F423725820357D9C00A3F5AC /* Assets.xcassets */,
				F458C7D32036761C00AA052D /* Classes */,
				F423725D20357D9C00A3F5AC /* Info.plist */,
				F423725A20357D9C00A3F5AC /* LaunchScreen.storyboard */,
				F423725520357D9C00A3F5AC /* Main.storyboard */,
			);
			path = Ruangguru;
			sourceTree = "<group>";
		};
		F458C7D32036761C00AA052D /* Classes */ = {
			isa = PBXGroup;
			children = (
				F458C7D62036763500AA052D /* Assemblies */,
				F458C7D52036762E00AA052D /* Core */,
				F458C7FF2036A4DC00AA052D /* Entities */,
				F458C7F120367A8900AA052D /* Extensions */,
				F458C7D92036764F00AA052D /* Helpers */,
				F458C7D72036763C00AA052D /* Managers */,
				F458C7D82036764300AA052D /* Models */,
				F458C7D42036762700AA052D /* Modules */,
				F458C7DB2036766F00AA052D /* Network */,
				F458C7DA2036766800AA052D /* Services */,
			);
			name = Classes;
			path = "New Group";
			sourceTree = "<group>";
		};
		F458C7D42036762700AA052D /* Modules */ = {
			isa = PBXGroup;
			children = (
				F458C80A2036C26200AA052D /* Question */,
				F458C7DE203676B200AA052D /* Category */,
			);
			path = Modules;
			sourceTree = "<group>";
		};
		F458C7D52036762E00AA052D /* Core */ = {
			isa = PBXGroup;
			children = (
				F458C7DC2036769800AA052D /* AppRoute.swift */,
			);
			path = Core;
			sourceTree = "<group>";
		};
		F458C7D62036763500AA052D /* Assemblies */ = {
			isa = PBXGroup;
			children = (
				F458C7E1203676C200AA052D /* CategoryAssembly.swift */,
				F458C80D2036C27600AA052D /* QuestionAssembly.swift */,
			);
			path = Assemblies;
			sourceTree = "<group>";
		};
		F458C7D72036763C00AA052D /* Managers */ = {
			isa = PBXGroup;
			children = (
				F458C81B2036C27C00AA052D /* Question */,
				F458C7F0203676DB00AA052D /* Category */,
			);
			path = Managers;
			sourceTree = "<group>";
		};
		F458C7D82036764300AA052D /* Models */ = {
			isa = PBXGroup;
			children = (
				F458C81C2036C28300AA052D /* Question */,
				F458C7EF203676D500AA052D /* Category */,
			);
			path = Models;
			sourceTree = "<group>";
		};
		F458C7D92036764F00AA052D /* Helpers */ = {
			isa = PBXGroup;
			children = (
			);
			path = Helpers;
			sourceTree = "<group>";
		};
		F458C7DA2036766800AA052D /* Services */ = {
			isa = PBXGroup;
			children = (
				F458C8082036A87500AA052D /* RealmService.swift */,
			);
			path = Services;
			sourceTree = "<group>";
		};
		F458C7DB2036766F00AA052D /* Network */ = {
			isa = PBXGroup;
			children = (
				F458C7FB2036A14300AA052D /* BaseClient.swift */,
				F458C7FD2036A27200AA052D /* Clients.swift */,
			);
			path = Network;
			sourceTree = "<group>";
		};
		F458C7DE203676B200AA052D /* Category */ = {
			isa = PBXGroup;
			children = (
				F458C7F420367B9B00AA052D /* Cells */,
				F458C7DF203676C200AA052D /* CategoryPresenter.swift */,
				F458C7E0203676C200AA052D /* CategoryViewController.swift */,
				F458C7E2203676C200AA052D /* CategoryInteractor.swift */,
				F458C7E4203676C200AA052D /* CategoryViewController.xib */,
				F458C7E6203676C200AA052D /* CategoryWireframe.swift */,
			);
			path = Category;
			sourceTree = "<group>";
		};
		F458C7EF203676D500AA052D /* Category */ = {
			isa = PBXGroup;
			children = (
				F458C7E3203676C200AA052D /* CategoryModel.swift */,
			);
			path = Category;
			sourceTree = "<group>";
		};
		F458C7F0203676DB00AA052D /* Category */ = {
			isa = PBXGroup;
			children = (
				F458C7E5203676C200AA052D /* CategoryManager.swift */,
			);
			path = Category;
			sourceTree = "<group>";
		};
		F458C7F120367A8900AA052D /* Extensions */ = {
			isa = PBXGroup;
			children = (
				F458C7F220367AA800AA052D /* Extension+UIColor.swift */,
				F458C7F92036995600AA052D /* Extension+UIImage.swift */,
				F458C8272036EEF600AA052D /* Extension+Global.swift */,
			);
			path = Extensions;
			sourceTree = "<group>";
		};
		F458C7F420367B9B00AA052D /* Cells */ = {
			isa = PBXGroup;
			children = (
				F458C7F520367BB800AA052D /* CategoryCollectionViewCell.swift */,
				F458C7F620367BB800AA052D /* CategoryCollectionViewCell.xib */,
			);
			path = Cells;
			sourceTree = "<group>";
		};
		F458C7FF2036A4DC00AA052D /* Entities */ = {
			isa = PBXGroup;
			children = (
				F458C81D2036C28D00AA052D /* Question */,
				F458C8052036A58000AA052D /* Base */,
				F458C8002036A4E400AA052D /* Category */,
			);
			path = Entities;
			sourceTree = "<group>";
		};
		F458C8002036A4E400AA052D /* Category */ = {
			isa = PBXGroup;
			children = (
				F458C8012036A4EE00AA052D /* CategoryEntityRoot.swift */,
				F458C8022036A4EE00AA052D /* CategoryEntity.swift */,
			);
			path = Category;
			sourceTree = "<group>";
		};
		F458C8052036A58000AA052D /* Base */ = {
			isa = PBXGroup;
			children = (
				F458C8062036A59000AA052D /* BaseEntity.swift */,
			);
			path = Base;
			sourceTree = "<group>";
		};
		F458C80A2036C26200AA052D /* Question */ = {
			isa = PBXGroup;
			children = (
				F458C81E2036C64D00AA052D /* Cells */,
				F458C80B2036C27600AA052D /* QuestionPresenter.swift */,
				F458C80C2036C27600AA052D /* QuestionViewController.swift */,
				F458C80E2036C27600AA052D /* QuestionInteractor.swift */,
				F458C8102036C27600AA052D /* QuestionViewController.xib */,
				F458C8122036C27600AA052D /* QuestionWireframe.swift */,
			);
			path = Question;
			sourceTree = "<group>";
		};
		F458C81B2036C27C00AA052D /* Question */ = {
			isa = PBXGroup;
			children = (
				F458C8112036C27600AA052D /* QuestionManager.swift */,
			);
			path = Question;
			sourceTree = "<group>";
		};
		F458C81C2036C28300AA052D /* Question */ = {
			isa = PBXGroup;
			children = (
				F458C80F2036C27600AA052D /* QuestionModel.swift */,
			);
			path = Question;
			sourceTree = "<group>";
		};
		F458C81D2036C28D00AA052D /* Question */ = {
			isa = PBXGroup;
			children = (
				F458C8232036DA7B00AA052D /* QuestionEntity.swift */,
				F458C8242036DA7B00AA052D /* QuestionEntityRoot.swift */,
			);
			path = Question;
			sourceTree = "<group>";
		};
		F458C81E2036C64D00AA052D /* Cells */ = {
			isa = PBXGroup;
			children = (
				F458C81F2036C65D00AA052D /* QuestionCollectionViewCell.swift */,
				F458C8202036C65D00AA052D /* QuestionCollectionViewCell.xib */,
			);
			path = Cells;
			sourceTree = "<group>";
		};
/* End PBXGroup section */

/* Begin PBXNativeTarget section */
		F423724D20357D9C00A3F5AC /* Ruangguru */ = {
			isa = PBXNativeTarget;
			buildConfigurationList = F423726020357D9C00A3F5AC /* Build configuration list for PBXNativeTarget "Ruangguru" */;
			buildPhases = (
				AF5F61E7FAAF404B60E4F9A8 /* [CP] Check Pods Manifest.lock */,
				F423724A20357D9C00A3F5AC /* Sources */,
				F423724B20357D9C00A3F5AC /* Frameworks */,
				F423724C20357D9C00A3F5AC /* Resources */,
				D8B1D7CE96B0140DD8B1726C /* [CP] Embed Pods Frameworks */,
				473D933AA2684E1CF6840577 /* [CP] Copy Pods Resources */,
			);
			buildRules = (
			);
			dependencies = (
			);
			name = Ruangguru;
			productName = Ruangguru;
			productReference = F423724E20357D9C00A3F5AC /* Ruangguru.app */;
			productType = "com.apple.product-type.application";
		};
/* End PBXNativeTarget section */

/* Begin PBXProject section */
		F423724620357D9C00A3F5AC /* Project object */ = {
			isa = PBXProject;
			attributes = {
				LastSwiftUpdateCheck = 0920;
				LastUpgradeCheck = 0920;
				ORGANIZATIONNAME = "Ari Munandar";
				TargetAttributes = {
					F423724D20357D9C00A3F5AC = {
						CreatedOnToolsVersion = 9.2;
						ProvisioningStyle = Automatic;
					};
				};
			};
			buildConfigurationList = F423724920357D9C00A3F5AC /* Build configuration list for PBXProject "Ruangguru" */;
			compatibilityVersion = "Xcode 8.0";
			developmentRegion = en;
			hasScannedForEncodings = 0;
			knownRegions = (
				en,
				Base,
			);
			mainGroup = F423724520357D9C00A3F5AC;
			productRefGroup = F423724F20357D9C00A3F5AC /* Products */;
			projectDirPath = "";
			projectRoot = "";
			targets = (
				F423724D20357D9C00A3F5AC /* Ruangguru */,
			);
		};
/* End PBXProject section */

/* Begin PBXResourcesBuildPhase section */
		F423724C20357D9C00A3F5AC /* Resources */ = {
			isa = PBXResourcesBuildPhase;
			buildActionMask = 2147483647;
			files = (
				F458C8222036C65D00AA052D /* QuestionCollectionViewCell.xib in Resources */,
				F458C7EC203676C200AA052D /* CategoryViewController.xib in Resources */,
				F458C7F820367BB800AA052D /* CategoryCollectionViewCell.xib in Resources */,
				F458C8182036C27700AA052D /* QuestionViewController.xib in Resources */,
				F423725C20357D9C00A3F5AC /* LaunchScreen.storyboard in Resources */,
				F423725920357D9C00A3F5AC /* Assets.xcassets in Resources */,
				F423725720357D9C00A3F5AC /* Main.storyboard in Resources */,
			);
			runOnlyForDeploymentPostprocessing = 0;
		};
/* End PBXResourcesBuildPhase section */

/* Begin PBXShellScriptBuildPhase section */
		473D933AA2684E1CF6840577 /* [CP] Copy Pods Resources */ = {
			isa = PBXShellScriptBuildPhase;
			buildActionMask = 2147483647;
			files = (
			);
			inputPaths = (
			);
			name = "[CP] Copy Pods Resources";
			outputPaths = (
			);
			runOnlyForDeploymentPostprocessing = 0;
			shellPath = /bin/sh;
			shellScript = "\"${SRCROOT}/Pods/Target Support Files/Pods-Ruangguru/Pods-Ruangguru-resources.sh\"\n";
			showEnvVarsInLog = 0;
		};
		AF5F61E7FAAF404B60E4F9A8 /* [CP] Check Pods Manifest.lock */ = {
			isa = PBXShellScriptBuildPhase;
			buildActionMask = 2147483647;
			files = (
			);
			inputPaths = (
				"${PODS_PODFILE_DIR_PATH}/Podfile.lock",
				"${PODS_ROOT}/Manifest.lock",
			);
			name = "[CP] Check Pods Manifest.lock";
			outputPaths = (
				"$(DERIVED_FILE_DIR)/Pods-Ruangguru-checkManifestLockResult.txt",
			);
			runOnlyForDeploymentPostprocessing = 0;
			shellPath = /bin/sh;
			shellScript = "diff \"${PODS_PODFILE_DIR_PATH}/Podfile.lock\" \"${PODS_ROOT}/Manifest.lock\" > /dev/null\nif [ $? != 0 ] ; then\n    # print error to STDERR\n    echo \"error: The sandbox is not in sync with the Podfile.lock. Run 'pod install' or update your CocoaPods installation.\" >&2\n    exit 1\nfi\n# This output is used by Xcode 'outputs' to avoid re-running this script phase.\necho \"SUCCESS\" > \"${SCRIPT_OUTPUT_FILE_0}\"\n";
			showEnvVarsInLog = 0;
		};
		D8B1D7CE96B0140DD8B1726C /* [CP] Embed Pods Frameworks */ = {
			isa = PBXShellScriptBuildPhase;
			buildActionMask = 2147483647;
			files = (
			);
			inputPaths = (
				"${SRCROOT}/Pods/Target Support Files/Pods-Ruangguru/Pods-Ruangguru-frameworks.sh",
				"${BUILT_PRODUCTS_DIR}/Alamofire/Alamofire.framework",
				"${BUILT_PRODUCTS_DIR}/MarqueeLabel/MarqueeLabel.framework",
				"${BUILT_PRODUCTS_DIR}/NVActivityIndicatorView/NVActivityIndicatorView.framework",
				"${BUILT_PRODUCTS_DIR}/NotificationBannerSwift/NotificationBannerSwift.framework",
				"${BUILT_PRODUCTS_DIR}/Realm/Realm.framework",
				"${BUILT_PRODUCTS_DIR}/RealmSwift/RealmSwift.framework",
				"${BUILT_PRODUCTS_DIR}/SnapKit/SnapKit.framework",
				"${BUILT_PRODUCTS_DIR}/SwiftyJSON/SwiftyJSON.framework",
				"${BUILT_PRODUCTS_DIR}/Swinject/Swinject.framework",
			);
			name = "[CP] Embed Pods Frameworks";
			outputPaths = (
				"${TARGET_BUILD_DIR}/${FRAMEWORKS_FOLDER_PATH}/Alamofire.framework",
				"${TARGET_BUILD_DIR}/${FRAMEWORKS_FOLDER_PATH}/MarqueeLabel.framework",
				"${TARGET_BUILD_DIR}/${FRAMEWORKS_FOLDER_PATH}/NVActivityIndicatorView.framework",
				"${TARGET_BUILD_DIR}/${FRAMEWORKS_FOLDER_PATH}/NotificationBannerSwift.framework",
				"${TARGET_BUILD_DIR}/${FRAMEWORKS_FOLDER_PATH}/Realm.framework",
				"${TARGET_BUILD_DIR}/${FRAMEWORKS_FOLDER_PATH}/RealmSwift.framework",
				"${TARGET_BUILD_DIR}/${FRAMEWORKS_FOLDER_PATH}/SnapKit.framework",
				"${TARGET_BUILD_DIR}/${FRAMEWORKS_FOLDER_PATH}/SwiftyJSON.framework",
				"${TARGET_BUILD_DIR}/${FRAMEWORKS_FOLDER_PATH}/Swinject.framework",
			);
			runOnlyForDeploymentPostprocessing = 0;
			shellPath = /bin/sh;
			shellScript = "\"${SRCROOT}/Pods/Target Support Files/Pods-Ruangguru/Pods-Ruangguru-frameworks.sh\"\n";
			showEnvVarsInLog = 0;
		};
/* End PBXShellScriptBuildPhase section */

/* Begin PBXSourcesBuildPhase section */
		F423724A20357D9C00A3F5AC /* Sources */ = {
			isa = PBXSourcesBuildPhase;
			buildActionMask = 2147483647;
			files = (
				F458C7EA203676C200AA052D /* CategoryInteractor.swift in Sources */,
				F458C8072036A59000AA052D /* BaseEntity.swift in Sources */,
				F458C7F320367AA800AA052D /* Extension+UIColor.swift in Sources */,
				F458C7ED203676C200AA052D /* CategoryManager.swift in Sources */,
				F458C8212036C65D00AA052D /* QuestionCollectionViewCell.swift in Sources */,
				F458C7FA2036995600AA052D /* Extension+UIImage.swift in Sources */,
				F458C7E9203676C200AA052D /* CategoryAssembly.swift in Sources */,
				F458C8142036C27600AA052D /* QuestionViewController.swift in Sources */,
				F458C7E8203676C200AA052D /* CategoryViewController.swift in Sources */,
				F458C8262036DA7B00AA052D /* QuestionEntityRoot.swift in Sources */,
				F458C8152036C27600AA052D /* QuestionAssembly.swift in Sources */,
				F458C7FC2036A14300AA052D /* BaseClient.swift in Sources */,
				F423725220357D9C00A3F5AC /* AppDelegate.swift in Sources */,
				F458C8192036C27700AA052D /* QuestionManager.swift in Sources */,
				F458C7FE2036A27200AA052D /* Clients.swift in Sources */,
				F458C7EB203676C200AA052D /* CategoryModel.swift in Sources */,
				F458C7E7203676C200AA052D /* CategoryPresenter.swift in Sources */,
				F458C7F720367BB800AA052D /* CategoryCollectionViewCell.swift in Sources */,
				F458C8132036C27600AA052D /* QuestionPresenter.swift in Sources */,
				F458C8092036A87500AA052D /* RealmService.swift in Sources */,
				F458C8282036EEF600AA052D /* Extension+Global.swift in Sources */,
				F458C8252036DA7B00AA052D /* QuestionEntity.swift in Sources */,
				F458C7EE203676C200AA052D /* CategoryWireframe.swift in Sources */,
				F458C8172036C27600AA052D /* QuestionModel.swift in Sources */,
				F458C8042036A4EE00AA052D /* CategoryEntity.swift in Sources */,
				F458C7DD2036769800AA052D /* AppRoute.swift in Sources */,
				F458C8162036C27600AA052D /* QuestionInteractor.swift in Sources */,
				F458C8032036A4EE00AA052D /* CategoryEntityRoot.swift in Sources */,
				F458C81A2036C27700AA052D /* QuestionWireframe.swift in Sources */,
			);
			runOnlyForDeploymentPostprocessing = 0;
		};
/* End PBXSourcesBuildPhase section */

/* Begin PBXVariantGroup section */
		F423725520357D9C00A3F5AC /* Main.storyboard */ = {
			isa = PBXVariantGroup;
			children = (
				F423725620357D9C00A3F5AC /* Base */,
			);
			name = Main.storyboard;
			sourceTree = "<group>";
		};
		F423725A20357D9C00A3F5AC /* LaunchScreen.storyboard */ = {
			isa = PBXVariantGroup;
			children = (
				F423725B20357D9C00A3F5AC /* Base */,
			);
			name = LaunchScreen.storyboard;
			sourceTree = "<group>";
		};
/* End PBXVariantGroup section */

/* Begin XCBuildConfiguration section */
		F423725E20357D9C00A3F5AC /* Debug */ = {
			isa = XCBuildConfiguration;
			buildSettings = {
				ALWAYS_SEARCH_USER_PATHS = NO;
				CLANG_ANALYZER_NONNULL = YES;
				CLANG_ANALYZER_NUMBER_OBJECT_CONVERSION = YES_AGGRESSIVE;
				CLANG_CXX_LANGUAGE_STANDARD = "gnu++14";
				CLANG_CXX_LIBRARY = "libc++";
				CLANG_ENABLE_MODULES = YES;
				CLANG_ENABLE_OBJC_ARC = YES;
				CLANG_WARN_BLOCK_CAPTURE_AUTORELEASING = YES;
				CLANG_WARN_BOOL_CONVERSION = YES;
				CLANG_WARN_COMMA = YES;
				CLANG_WARN_CONSTANT_CONVERSION = YES;
				CLANG_WARN_DIRECT_OBJC_ISA_USAGE = YES_ERROR;
				CLANG_WARN_DOCUMENTATION_COMMENTS = YES;
				CLANG_WARN_EMPTY_BODY = YES;
				CLANG_WARN_ENUM_CONVERSION = YES;
				CLANG_WARN_INFINITE_RECURSION = YES;
				CLANG_WARN_INT_CONVERSION = YES;
				CLANG_WARN_NON_LITERAL_NULL_CONVERSION = YES;
				CLANG_WARN_OBJC_LITERAL_CONVERSION = YES;
				CLANG_WARN_OBJC_ROOT_CLASS = YES_ERROR;
				CLANG_WARN_RANGE_LOOP_ANALYSIS = YES;
				CLANG_WARN_STRICT_PROTOTYPES = YES;
				CLANG_WARN_SUSPICIOUS_MOVE = YES;
				CLANG_WARN_UNGUARDED_AVAILABILITY = YES_AGGRESSIVE;
				CLANG_WARN_UNREACHABLE_CODE = YES;
				CLANG_WARN__DUPLICATE_METHOD_MATCH = YES;
				CODE_SIGN_IDENTITY = "iPhone Developer";
				COPY_PHASE_STRIP = NO;
				DEBUG_INFORMATION_FORMAT = dwarf;
				ENABLE_STRICT_OBJC_MSGSEND = YES;
				ENABLE_TESTABILITY = YES;
				GCC_C_LANGUAGE_STANDARD = gnu11;
				GCC_DYNAMIC_NO_PIC = NO;
				GCC_NO_COMMON_BLOCKS = YES;
				GCC_OPTIMIZATION_LEVEL = 0;
				GCC_PREPROCESSOR_DEFINITIONS = (
					"DEBUG=1",
					"$(inherited)",
				);
				GCC_WARN_64_TO_32_BIT_CONVERSION = YES;
				GCC_WARN_ABOUT_RETURN_TYPE = YES_ERROR;
				GCC_WARN_UNDECLARED_SELECTOR = YES;
				GCC_WARN_UNINITIALIZED_AUTOS = YES_AGGRESSIVE;
				GCC_WARN_UNUSED_FUNCTION = YES;
				GCC_WARN_UNUSED_VARIABLE = YES;
				IPHONEOS_DEPLOYMENT_TARGET = 11.2;
				MTL_ENABLE_DEBUG_INFO = YES;
				ONLY_ACTIVE_ARCH = YES;
				SDKROOT = iphoneos;
				SWIFT_ACTIVE_COMPILATION_CONDITIONS = DEBUG;
				SWIFT_OPTIMIZATION_LEVEL = "-Onone";
			};
			name = Debug;
		};
		F423725F20357D9C00A3F5AC /* Release */ = {
			isa = XCBuildConfiguration;
			buildSettings = {
				ALWAYS_SEARCH_USER_PATHS = NO;
				CLANG_ANALYZER_NONNULL = YES;
				CLANG_ANALYZER_NUMBER_OBJECT_CONVERSION = YES_AGGRESSIVE;
				CLANG_CXX_LANGUAGE_STANDARD = "gnu++14";
				CLANG_CXX_LIBRARY = "libc++";
				CLANG_ENABLE_MODULES = YES;
				CLANG_ENABLE_OBJC_ARC = YES;
				CLANG_WARN_BLOCK_CAPTURE_AUTORELEASING = YES;
				CLANG_WARN_BOOL_CONVERSION = YES;
				CLANG_WARN_COMMA = YES;
				CLANG_WARN_CONSTANT_CONVERSION = YES;
				CLANG_WARN_DIRECT_OBJC_ISA_USAGE = YES_ERROR;
				CLANG_WARN_DOCUMENTATION_COMMENTS = YES;
				CLANG_WARN_EMPTY_BODY = YES;
				CLANG_WARN_ENUM_CONVERSION = YES;
				CLANG_WARN_INFINITE_RECURSION = YES;
				CLANG_WARN_INT_CONVERSION = YES;
				CLANG_WARN_NON_LITERAL_NULL_CONVERSION = YES;
				CLANG_WARN_OBJC_LITERAL_CONVERSION = YES;
				CLANG_WARN_OBJC_ROOT_CLASS = YES_ERROR;
				CLANG_WARN_RANGE_LOOP_ANALYSIS = YES;
				CLANG_WARN_STRICT_PROTOTYPES = YES;
				CLANG_WARN_SUSPICIOUS_MOVE = YES;
				CLANG_WARN_UNGUARDED_AVAILABILITY = YES_AGGRESSIVE;
				CLANG_WARN_UNREACHABLE_CODE = YES;
				CLANG_WARN__DUPLICATE_METHOD_MATCH = YES;
				CODE_SIGN_IDENTITY = "iPhone Developer";
				COPY_PHASE_STRIP = NO;
				DEBUG_INFORMATION_FORMAT = "dwarf-with-dsym";
				ENABLE_NS_ASSERTIONS = NO;
				ENABLE_STRICT_OBJC_MSGSEND = YES;
				GCC_C_LANGUAGE_STANDARD = gnu11;
				GCC_NO_COMMON_BLOCKS = YES;
				GCC_WARN_64_TO_32_BIT_CONVERSION = YES;
				GCC_WARN_ABOUT_RETURN_TYPE = YES_ERROR;
				GCC_WARN_UNDECLARED_SELECTOR = YES;
				GCC_WARN_UNINITIALIZED_AUTOS = YES_AGGRESSIVE;
				GCC_WARN_UNUSED_FUNCTION = YES;
				GCC_WARN_UNUSED_VARIABLE = YES;
				IPHONEOS_DEPLOYMENT_TARGET = 11.2;
				MTL_ENABLE_DEBUG_INFO = NO;
				SDKROOT = iphoneos;
				SWIFT_OPTIMIZATION_LEVEL = "-Owholemodule";
				VALIDATE_PRODUCT = YES;
			};
			name = Release;
		};
		F423726120357D9C00A3F5AC /* Debug */ = {
			isa = XCBuildConfiguration;
			baseConfigurationReference = 6359F03936D386953F82C2B1 /* Pods-Ruangguru.debug.xcconfig */;
			buildSettings = {
				ASSETCATALOG_COMPILER_APPICON_NAME = AppIcon;
				CODE_SIGN_STYLE = Automatic;
				DEVELOPMENT_TEAM = 2J658ARCAB;
				INFOPLIST_FILE = Ruangguru/Info.plist;
				LD_RUNPATH_SEARCH_PATHS = "$(inherited) @executable_path/Frameworks";
				PRODUCT_BUNDLE_IDENTIFIER = com.arimunandar.Ruangguru;
				PRODUCT_NAME = "$(TARGET_NAME)";
				SWIFT_VERSION = 4.0;
				TARGETED_DEVICE_FAMILY = "1,2";
			};
			name = Debug;
		};
		F423726220357D9C00A3F5AC /* Release */ = {
			isa = XCBuildConfiguration;
			baseConfigurationReference = 6CE8E97949987178BEDCC62E /* Pods-Ruangguru.release.xcconfig */;
			buildSettings = {
				ASSETCATALOG_COMPILER_APPICON_NAME = AppIcon;
				CODE_SIGN_STYLE = Automatic;
				DEVELOPMENT_TEAM = 2J658ARCAB;
				INFOPLIST_FILE = Ruangguru/Info.plist;
				LD_RUNPATH_SEARCH_PATHS = "$(inherited) @executable_path/Frameworks";
				PRODUCT_BUNDLE_IDENTIFIER = com.arimunandar.Ruangguru;
				PRODUCT_NAME = "$(TARGET_NAME)";
				SWIFT_VERSION = 4.0;
				TARGETED_DEVICE_FAMILY = "1,2";
			};
			name = Release;
		};
/* End XCBuildConfiguration section */

/* Begin XCConfigurationList section */
		F423724920357D9C00A3F5AC /* Build configuration list for PBXProject "Ruangguru" */ = {
			isa = XCConfigurationList;
			buildConfigurations = (
				F423725E20357D9C00A3F5AC /* Debug */,
				F423725F20357D9C00A3F5AC /* Release */,
			);
			defaultConfigurationIsVisible = 0;
			defaultConfigurationName = Release;
		};
		F423726020357D9C00A3F5AC /* Build configuration list for PBXNativeTarget "Ruangguru" */ = {
			isa = XCConfigurationList;
			buildConfigurations = (
				F423726120357D9C00A3F5AC /* Debug */,
				F423726220357D9C00A3F5AC /* Release */,
			);
			defaultConfigurationIsVisible = 0;
			defaultConfigurationName = Release;
		};
/* End XCConfigurationList section */
	};
	rootObject = F423724620357D9C00A3F5AC /* Project object */;
}
